
Microsoft Visual Studio Solution File, Format Version 12.00
# Visual Studio Version 16
VisualStudioVersion = 16.0.29509.3
MinimumVisualStudioVersion = 10.0.40219.1
Project("{FAE04EC0-301F-11D3-BF4B-00C04F79EFBC}") = "Lab1_Collection", "Lab1_Collection\Lab1_Collection.csproj", "{4E723FBC-7243-497A-8BAE-F19AE45B261C}"
EndProject
Project("{FAE04EC0-301F-11D3-BF4B-00C04F79EFBC}") = "MyCollection", "..\..\..\my_labs\MyCollection\MyCollection\MyCollection.csproj", "{F819D058-FD01-4D1A-BFC8-E488E9BC7D7B}"
EndProject
Global
	GlobalSection(SolutionConfigurationPlatforms) = preSolution
		Debug|Any CPU = Debug|Any CPU
		Release|Any CPU = Release|Any CPU
	EndGlobalSection
	GlobalSection(ProjectConfigurationPlatforms) = postSolution
		{4E723FBC-7243-497A-8BAE-F19AE45B261C}.Debug|Any CPU.ActiveCfg = Debug|Any CPU
		{4E723FBC-7243-497A-8BAE-F19AE45B261C}.Debug|Any CPU.Build.0 = Debug|Any CPU
		{4E723FBC-7243-497A-8BAE-F19AE45B261C}.Release|Any CPU.ActiveCfg = Release|Any CPU
		{4E723FBC-7243-497A-8BAE-F19AE45B261C}.Release|Any CPU.Build.0 = Release|Any CPU
		{F819D058-FD01-4D1A-BFC8-E488E9BC7D7B}.Debug|Any CPU.ActiveCfg = Debug|Any CPU
		{F819D058-FD01-4D1A-BFC8-E488E9BC7D7B}.Debug|Any CPU.Build.0 = Debug|Any CPU
		{F819D058-FD01-4D1A-BFC8-E488E9BC7D7B}.Release|Any CPU.ActiveCfg = Release|Any CPU
		{F819D058-FD01-4D1A-BFC8-E488E9BC7D7B}.Release|Any CPU.Build.0 = Release|Any CPU
	EndGlobalSection
	GlobalSection(SolutionProperties) = preSolution
		HideSolutionNode = FALSE
	EndGlobalSection
	GlobalSection(ExtensibilityGlobals) = postSolution
		SolutionGuid = {3732B134-6D35-46FC-82B5-6EC22CB9B31C}
	EndGlobalSection
EndGlobal
